
Microsoft Visual Studio Solution File, Format Version 12.00
# Visual Studio Version 17
VisualStudioVersion = 17.11.35312.102
MinimumVisualStudioVersion = 10.0.40219.1
Project("{FAE04EC0-301F-11D3-BF4B-00C04F79EFBC}") = "FolsomOTApp", "FolsomOTApp\FolsomOTApp.csproj", "{EB9223FE-BE7E-4747-9584-0639867341AD}"
EndProject
Project("{FAE04EC0-301F-11D3-BF4B-00C04F79EFBC}") = "FolsomOTApp.Client", "FolsomOTApp.Client\FolsomOTApp.Client.csproj", "{04152F46-91AC-4511-8A3A-4505946AB9B0}"
EndProject
Global
	GlobalSection(SolutionConfigurationPlatforms) = preSolution
		Debug|Any CPU = Debug|Any CPU
		Release|Any CPU = Release|Any CPU
	EndGlobalSection
	GlobalSection(ProjectConfigurationPlatforms) = postSolution
		{EB9223FE-BE7E-4747-9584-0639867341AD}.Debug|Any CPU.ActiveCfg = Debug|Any CPU
		{EB9223FE-BE7E-4747-9584-0639867341AD}.Debug|Any CPU.Build.0 = Debug|Any CPU
		{EB9223FE-BE7E-4747-9584-0639867341AD}.Release|Any CPU.ActiveCfg = Release|Any CPU
		{EB9223FE-BE7E-4747-9584-0639867341AD}.Release|Any CPU.Build.0 = Release|Any CPU
		{04152F46-91AC-4511-8A3A-4505946AB9B0}.Debug|Any CPU.ActiveCfg = Debug|Any CPU
		{04152F46-91AC-4511-8A3A-4505946AB9B0}.Debug|Any CPU.Build.0 = Debug|Any CPU
		{04152F46-91AC-4511-8A3A-4505946AB9B0}.Release|Any CPU.ActiveCfg = Release|Any CPU
		{04152F46-91AC-4511-8A3A-4505946AB9B0}.Release|Any CPU.Build.0 = Release|Any CPU
	EndGlobalSection
	GlobalSection(SolutionProperties) = preSolution
		HideSolutionNode = FALSE
	EndGlobalSection
	GlobalSection(ExtensibilityGlobals) = postSolution
		SolutionGuid = {6F8E8A8A-810B-4F9A-816A-FB42A91FA68E}
	EndGlobalSection
EndGlobal
